
Microsoft Visual Studio Solution File, Format Version 12.00
# Visual Studio 15
VisualStudioVersion = 15.0.27428.2037
MinimumVisualStudioVersion = 10.0.40219.1
Project("{FAE04EC0-301F-11D3-BF4B-00C04F79EFBC}") = "GcodeParse", "GcodeParse\GcodeParse.csproj", "{59C75F09-255E-440B-BA68-357C53FB9EA7}"
EndProject
Global
	GlobalSection(SolutionConfigurationPlatforms) = preSolution
		Debug|Any CPU = Debug|Any CPU
		Release|Any CPU = Release|Any CPU
	EndGlobalSection
	GlobalSection(ProjectConfigurationPlatforms) = postSolution
		{59C75F09-255E-440B-BA68-357C53FB9EA7}.Debug|Any CPU.ActiveCfg = Debug|Any CPU
		{59C75F09-255E-440B-BA68-357C53FB9EA7}.Debug|Any CPU.Build.0 = Debug|Any CPU
		{59C75F09-255E-440B-BA68-357C53FB9EA7}.Release|Any CPU.ActiveCfg = Release|Any CPU
		{59C75F09-255E-440B-BA68-357C53FB9EA7}.Release|Any CPU.Build.0 = Release|Any CPU
	EndGlobalSection
	GlobalSection(SolutionProperties) = preSolution
		HideSolutionNode = FALSE
	EndGlobalSection
	GlobalSection(ExtensibilityGlobals) = postSolution
		SolutionGuid = {AE28A507-CFAF-47AA-AF28-7F7371DB120A}
	EndGlobalSection
EndGlobal
